
Microsoft Visual Studio Solution File, Format Version 12.00
# Visual Studio Version 17
VisualStudioVersion = 17.8.34330.188
MinimumVisualStudioVersion = 10.0.40219.1
Project("{FAE04EC0-301F-11D3-BF4B-00C04F79EFBC}") = "lunch-and-learn-collections-and-records", "lunch-and-learn-collections-and-records\lunch-and-learn-collections-and-records.csproj", "{6158E9BF-B854-4B8B-8752-A4A5CBBE3201}"
EndProject
Global
	GlobalSection(SolutionConfigurationPlatforms) = preSolution
		Debug|Any CPU = Debug|Any CPU
		Release|Any CPU = Release|Any CPU
	EndGlobalSection
	GlobalSection(ProjectConfigurationPlatforms) = postSolution
		{6158E9BF-B854-4B8B-8752-A4A5CBBE3201}.Debug|Any CPU.ActiveCfg = Debug|Any CPU
		{6158E9BF-B854-4B8B-8752-A4A5CBBE3201}.Debug|Any CPU.Build.0 = Debug|Any CPU
		{6158E9BF-B854-4B8B-8752-A4A5CBBE3201}.Release|Any CPU.ActiveCfg = Release|Any CPU
		{6158E9BF-B854-4B8B-8752-A4A5CBBE3201}.Release|Any CPU.Build.0 = Release|Any CPU
	EndGlobalSection
	GlobalSection(SolutionProperties) = preSolution
		HideSolutionNode = FALSE
	EndGlobalSection
	GlobalSection(ExtensibilityGlobals) = postSolution
		SolutionGuid = {C890E193-5B75-4493-9516-C52E913D5042}
	EndGlobalSection
EndGlobal
